// !$*UTF8*$!
{
	archiveVersion = 1;
	classes = {
	};
	objectVersion = 56;
	objects = {

/* Begin PBXBuildFile section */
		562CC9BC2CBC3BF900AD38E0 /* AppDelegate.swift in Sources */ = {isa = PBXBuildFile; fileRef = 562CC9BB2CBC3BF900AD38E0 /* AppDelegate.swift */; };
		562CC9BE2CBC3BF900AD38E0 /* SceneDelegate.swift in Sources */ = {isa = PBXBuildFile; fileRef = 562CC9BD2CBC3BF900AD38E0 /* SceneDelegate.swift */; };
		562CC9C02CBC3BF900AD38E0 /* ViewController.swift in Sources */ = {isa = PBXBuildFile; fileRef = 562CC9BF2CBC3BF900AD38E0 /* ViewController.swift */; };
		562CC9C32CBC3BF900AD38E0 /* Base in Resources */ = {isa = PBXBuildFile; fileRef = 562CC9C22CBC3BF900AD38E0 /* Base */; };
		562CC9C52CBC3BFB00AD38E0 /* Assets.xcassets in Resources */ = {isa = PBXBuildFile; fileRef = 562CC9C42CBC3BFB00AD38E0 /* Assets.xcassets */; };
		562CC9C82CBC3BFB00AD38E0 /* Base in Resources */ = {isa = PBXBuildFile; fileRef = 562CC9C72CBC3BFB00AD38E0 /* Base */; };
		562CC9D32CBC3BFB00AD38E0 /* Movie_AppTests.swift in Sources */ = {isa = PBXBuildFile; fileRef = 562CC9D22CBC3BFB00AD38E0 /* Movie_AppTests.swift */; };
		562CC9DD2CBC3BFB00AD38E0 /* Movie_AppUITests.swift in Sources */ = {isa = PBXBuildFile; fileRef = 562CC9DC2CBC3BFB00AD38E0 /* Movie_AppUITests.swift */; };
		562CC9DF2CBC3BFB00AD38E0 /* Movie_AppUITestsLaunchTests.swift in Sources */ = {isa = PBXBuildFile; fileRef = 562CC9DE2CBC3BFB00AD38E0 /* Movie_AppUITestsLaunchTests.swift */; };
/* End PBXBuildFile section */

/* Begin PBXContainerItemProxy section */
		562CC9CF2CBC3BFB00AD38E0 /* PBXContainerItemProxy */ = {
			isa = PBXContainerItemProxy;
			containerPortal = 562CC9B02CBC3BF900AD38E0 /* Project object */;
			proxyType = 1;
			remoteGlobalIDString = 562CC9B72CBC3BF900AD38E0;
			remoteInfo = "Movie App";
		};
		562CC9D92CBC3BFB00AD38E0 /* PBXContainerItemProxy */ = {
			isa = PBXContainerItemProxy;
			containerPortal = 562CC9B02CBC3BF900AD38E0 /* Project object */;
			proxyType = 1;
			remoteGlobalIDString = 562CC9B72CBC3BF900AD38E0;
			remoteInfo = "Movie App";
		};
/* End PBXContainerItemProxy section */

/* Begin PBXFileReference section */
		562CC9B82CBC3BF900AD38E0 /* Movie App.app */ = {isa = PBXFileReference; explicitFileType = wrapper.application; includeInIndex = 0; path = "Movie App.app"; sourceTree = BUILT_PRODUCTS_DIR; };
		562CC9BB2CBC3BF900AD38E0 /* AppDelegate.swift */ = {isa = PBXFileReference; lastKnownFileType = sourcecode.swift; path = AppDelegate.swift; sourceTree = "<group>"; };
		562CC9BD2CBC3BF900AD38E0 /* SceneDelegate.swift */ = {isa = PBXFileReference; lastKnownFileType = sourcecode.swift; path = SceneDelegate.swift; sourceTree = "<group>"; };
		562CC9BF2CBC3BF900AD38E0 /* ViewController.swift */ = {isa = PBXFileReference; lastKnownFileType = sourcecode.swift; path = ViewController.swift; sourceTree = "<group>"; };
		562CC9C22CBC3BF900AD38E0 /* Base */ = {isa = PBXFileReference; lastKnownFileType = file.storyboard; name = Base; path = Base.lproj/Main.storyboard; sourceTree = "<group>"; };
		562CC9C42CBC3BFB00AD38E0 /* Assets.xcassets */ = {isa = PBXFileReference; lastKnownFileType = folder.assetcatalog; path = Assets.xcassets; sourceTree = "<group>"; };
		562CC9C72CBC3BFB00AD38E0 /* Base */ = {isa = PBXFileReference; lastKnownFileType = file.storyboard; name = Base; path = Base.lproj/LaunchScreen.storyboard; sourceTree = "<group>"; };
		562CC9C92CBC3BFB00AD38E0 /* Info.plist */ = {isa = PBXFileReference; lastKnownFileType = text.plist.xml; path = Info.plist; sourceTree = "<group>"; };
		562CC9CE2CBC3BFB00AD38E0 /* Movie AppTests.xctest */ = {isa = PBXFileReference; explicitFileType = wrapper.cfbundle; includeInIndex = 0; path = "Movie AppTests.xctest"; sourceTree = BUILT_PRODUCTS_DIR; };
		562CC9D22CBC3BFB00AD38E0 /* Movie_AppTests.swift */ = {isa = PBXFileReference; lastKnownFileType = sourcecode.swift; path = Movie_AppTests.swift; sourceTree = "<group>"; };
		562CC9D82CBC3BFB00AD38E0 /* Movie AppUITests.xctest */ = {isa = PBXFileReference; explicitFileType = wrapper.cfbundle; includeInIndex = 0; path = "Movie AppUITests.xctest"; sourceTree = BUILT_PRODUCTS_DIR; };
		562CC9DC2CBC3BFB00AD38E0 /* Movie_AppUITests.swift */ = {isa = PBXFileReference; lastKnownFileType = sourcecode.swift; path = Movie_AppUITests.swift; sourceTree = "<group>"; };
		562CC9DE2CBC3BFB00AD38E0 /* Movie_AppUITestsLaunchTests.swift */ = {isa = PBXFileReference; lastKnownFileType = sourcecode.swift; path = Movie_AppUITestsLaunchTests.swift; sourceTree = "<group>"; };
/* End PBXFileReference section */

/* Begin PBXFrameworksBuildPhase section */
		562CC9B52CBC3BF900AD38E0 /* Frameworks */ = {
			isa = PBXFrameworksBuildPhase;
			buildActionMask = 2147483647;
			files = (
			);
			runOnlyForDeploymentPostprocessing = 0;
		};
		562CC9CB2CBC3BFB00AD38E0 /* Frameworks */ = {
			isa = PBXFrameworksBuildPhase;
			buildActionMask = 2147483647;
			files = (
			);
			runOnlyForDeploymentPostprocessing = 0;
		};
		562CC9D52CBC3BFB00AD38E0 /* Frameworks */ = {
			isa = PBXFrameworksBuildPhase;
			buildActionMask = 2147483647;
			files = (
			);
			runOnlyForDeploymentPostprocessing = 0;
		};
/* End PBXFrameworksBuildPhase section */

/* Begin PBXGroup section */
		562CC9AF2CBC3BF900AD38E0 = {
			isa = PBXGroup;
			children = (
				562CC9BA2CBC3BF900AD38E0 /* Movie App */,
				562CC9D12CBC3BFB00AD38E0 /* Movie AppTests */,
				562CC9DB2CBC3BFB00AD38E0 /* Movie AppUITests */,
				562CC9B92CBC3BF900AD38E0 /* Products */,
			);
			sourceTree = "<group>";
		};
		562CC9B92CBC3BF900AD38E0 /* Products */ = {
			isa = PBXGroup;
			children = (
				562CC9B82CBC3BF900AD38E0 /* Movie App.app */,
				562CC9CE2CBC3BFB00AD38E0 /* Movie AppTests.xctest */,
				562CC9D82CBC3BFB00AD38E0 /* Movie AppUITests.xctest */,
			);
			name = Products;
			sourceTree = "<group>";
		};
		562CC9BA2CBC3BF900AD38E0 /* Movie App */ = {
			isa = PBXGroup;
			children = (
				562CC9BB2CBC3BF900AD38E0 /* AppDelegate.swift */,
				562CC9BD2CBC3BF900AD38E0 /* SceneDelegate.swift */,
				562CC9BF2CBC3BF900AD38E0 /* ViewController.swift */,
				562CC9C12CBC3BF900AD38E0 /* Main.storyboard */,
				562CC9C42CBC3BFB00AD38E0 /* Assets.xcassets */,
				562CC9C62CBC3BFB00AD38E0 /* LaunchScreen.storyboard */,
				562CC9C92CBC3BFB00AD38E0 /* Info.plist */,
			);
			path = "Movie App";
			sourceTree = "<group>";
		};
		562CC9D12CBC3BFB00AD38E0 /* Movie AppTests */ = {
			isa = PBXGroup;
			children = (
				562CC9D22CBC3BFB00AD38E0 /* Movie_AppTests.swift */,
			);
			path = "Movie AppTests";
			sourceTree = "<group>";
		};
		562CC9DB2CBC3BFB00AD38E0 /* Movie AppUITests */ = {
			isa = PBXGroup;
			children = (
				562CC9DC2CBC3BFB00AD38E0 /* Movie_AppUITests.swift */,
				562CC9DE2CBC3BFB00AD38E0 /* Movie_AppUITestsLaunchTests.swift */,
			);
			path = "Movie AppUITests";
			sourceTree = "<group>";
		};
/* End PBXGroup section */

/* Begin PBXNativeTarget section */
		562CC9B72CBC3BF900AD38E0 /* Movie App */ = {
			isa = PBXNativeTarget;
			buildConfigurationList = 562CC9E22CBC3BFB00AD38E0 /* Build configuration list for PBXNativeTarget "Movie App" */;
			buildPhases = (
				562CC9B42CBC3BF900AD38E0 /* Sources */,
				562CC9B52CBC3BF900AD38E0 /* Frameworks */,
				562CC9B62CBC3BF900AD38E0 /* Resources */,
			);
			buildRules = (
			);
			dependencies = (
			);
			name = "Movie App";
			productName = "Movie App";
			productReference = 562CC9B82CBC3BF900AD38E0 /* Movie App.app */;
			productType = "com.apple.product-type.application";
		};
		562CC9CD2CBC3BFB00AD38E0 /* Movie AppTests */ = {
			isa = PBXNativeTarget;
			buildConfigurationList = 562CC9E52CBC3BFB00AD38E0 /* Build configuration list for PBXNativeTarget "Movie AppTests" */;
			buildPhases = (
				562CC9CA2CBC3BFB00AD38E0 /* Sources */,
				562CC9CB2CBC3BFB00AD38E0 /* Frameworks */,
				562CC9CC2CBC3BFB00AD38E0 /* Resources */,
			);
			buildRules = (
			);
			dependencies = (
				562CC9D02CBC3BFB00AD38E0 /* PBXTargetDependency */,
			);
			name = "Movie AppTests";
			productName = "Movie AppTests";
			productReference = 562CC9CE2CBC3BFB00AD38E0 /* Movie AppTests.xctest */;
			productType = "com.apple.product-type.bundle.unit-test";
		};
		562CC9D72CBC3BFB00AD38E0 /* Movie AppUITests */ = {
			isa = PBXNativeTarget;
			buildConfigurationList = 562CC9E82CBC3BFB00AD38E0 /* Build configuration list for PBXNativeTarget "Movie AppUITests" */;
			buildPhases = (
				562CC9D42CBC3BFB00AD38E0 /* Sources */,
				562CC9D52CBC3BFB00AD38E0 /* Frameworks */,
				562CC9D62CBC3BFB00AD38E0 /* Resources */,
			);
			buildRules = (
			);
			dependencies = (
				562CC9DA2CBC3BFB00AD38E0 /* PBXTargetDependency */,
			);
			name = "Movie AppUITests";
			productName = "Movie AppUITests";
			productReference = 562CC9D82CBC3BFB00AD38E0 /* Movie AppUITests.xctest */;
			productType = "com.apple.product-type.bundle.ui-testing";
		};
/* End PBXNativeTarget section */

/* Begin PBXProject section */
		562CC9B02CBC3BF900AD38E0 /* Project object */ = {
			isa = PBXProject;
			attributes = {
				BuildIndependentTargetsInParallel = 1;
				LastSwiftUpdateCheck = 1530;
				LastUpgradeCheck = 1530;
				TargetAttributes = {
					562CC9B72CBC3BF900AD38E0 = {
						CreatedOnToolsVersion = 15.3;
					};
					562CC9CD2CBC3BFB00AD38E0 = {
						CreatedOnToolsVersion = 15.3;
						TestTargetID = 562CC9B72CBC3BF900AD38E0;
					};
					562CC9D72CBC3BFB00AD38E0 = {
						CreatedOnToolsVersion = 15.3;
						TestTargetID = 562CC9B72CBC3BF900AD38E0;
					};
				};
			};
			buildConfigurationList = 562CC9B32CBC3BF900AD38E0 /* Build configuration list for PBXProject "Movie App" */;
			compatibilityVersion = "Xcode 14.0";
			developmentRegion = en;
			hasScannedForEncodings = 0;
			knownRegions = (
				en,
				Base,
			);
			mainGroup = 562CC9AF2CBC3BF900AD38E0;
			productRefGroup = 562CC9B92CBC3BF900AD38E0 /* Products */;
			projectDirPath = "";
			projectRoot = "";
			targets = (
				562CC9B72CBC3BF900AD38E0 /* Movie App */,
				562CC9CD2CBC3BFB00AD38E0 /* Movie AppTests */,
				562CC9D72CBC3BFB00AD38E0 /* Movie AppUITests */,
			);
		};
/* End PBXProject section */

/* Begin PBXResourcesBuildPhase section */
		562CC9B62CBC3BF900AD38E0 /* Resources */ = {
			isa = PBXResourcesBuildPhase;
			buildActionMask = 2147483647;
			files = (
				562CC9C52CBC3BFB00AD38E0 /* Assets.xcassets in Resources */,
				562CC9C82CBC3BFB00AD38E0 /* Base in Resources */,
				562CC9C32CBC3BF900AD38E0 /* Base in Resources */,
			);
			runOnlyForDeploymentPostprocessing = 0;
		};
		562CC9CC2CBC3BFB00AD38E0 /* Resources */ = {
			isa = PBXResourcesBuildPhase;
			buildActionMask = 2147483647;
			files = (
			);
			runOnlyForDeploymentPostprocessing = 0;
		};
		562CC9D62CBC3BFB00AD38E0 /* Resources */ = {
			isa = PBXResourcesBuildPhase;
			buildActionMask = 2147483647;
			files = (
			);
			runOnlyForDeploymentPostprocessing = 0;
		};
/* End PBXResourcesBuildPhase section */

/* Begin PBXSourcesBuildPhase section */
		562CC9B42CBC3BF900AD38E0 /* Sources */ = {
			isa = PBXSourcesBuildPhase;
			buildActionMask = 2147483647;
			files = (
				562CC9C02CBC3BF900AD38E0 /* ViewController.swift in Sources */,
				562CC9BC2CBC3BF900AD38E0 /* AppDelegate.swift in Sources */,
				562CC9BE2CBC3BF900AD38E0 /* SceneDelegate.swift in Sources */,
			);
			runOnlyForDeploymentPostprocessing = 0;
		};
		562CC9CA2CBC3BFB00AD38E0 /* Sources */ = {
			isa = PBXSourcesBuildPhase;
			buildActionMask = 2147483647;
			files = (
				562CC9D32CBC3BFB00AD38E0 /* Movie_AppTests.swift in Sources */,
			);
			runOnlyForDeploymentPostprocessing = 0;
		};
		562CC9D42CBC3BFB00AD38E0 /* Sources */ = {
			isa = PBXSourcesBuildPhase;
			buildActionMask = 2147483647;
			files = (
				562CC9DD2CBC3BFB00AD38E0 /* Movie_AppUITests.swift in Sources */,
				562CC9DF2CBC3BFB00AD38E0 /* Movie_AppUITestsLaunchTests.swift in Sources */,
			);
			runOnlyForDeploymentPostprocessing = 0;
		};
/* End PBXSourcesBuildPhase section */

/* Begin PBXTargetDependency section */
		562CC9D02CBC3BFB00AD38E0 /* PBXTargetDependency */ = {
			isa = PBXTargetDependency;
			target = 562CC9B72CBC3BF900AD38E0 /* Movie App */;
			targetProxy = 562CC9CF2CBC3BFB00AD38E0 /* PBXContainerItemProxy */;
		};
		562CC9DA2CBC3BFB00AD38E0 /* PBXTargetDependency */ = {
			isa = PBXTargetDependency;
			target = 562CC9B72CBC3BF900AD38E0 /* Movie App */;
			targetProxy = 562CC9D92CBC3BFB00AD38E0 /* PBXContainerItemProxy */;
		};
/* End PBXTargetDependency section */

/* Begin PBXVariantGroup section */
		562CC9C12CBC3BF900AD38E0 /* Main.storyboard */ = {
			isa = PBXVariantGroup;
			children = (
				562CC9C22CBC3BF900AD38E0 /* Base */,
			);
			name = Main.storyboard;
			sourceTree = "<group>";
		};
		562CC9C62CBC3BFB00AD38E0 /* LaunchScreen.storyboard */ = {
			isa = PBXVariantGroup;
			children = (
				562CC9C72CBC3BFB00AD38E0 /* Base */,
			);
			name = LaunchScreen.storyboard;
			sourceTree = "<group>";
		};
/* End PBXVariantGroup section */

/* Begin XCBuildConfiguration section */
		562CC9E02CBC3BFB00AD38E0 /* Debug */ = {
			isa = XCBuildConfiguration;
			buildSettings = {
				ALWAYS_SEARCH_USER_PATHS = NO;
				ASSETCATALOG_COMPILER_GENERATE_SWIFT_ASSET_SYMBOL_EXTENSIONS = YES;
				CLANG_ANALYZER_NONNULL = YES;
				CLANG_ANALYZER_NUMBER_OBJECT_CONVERSION = YES_AGGRESSIVE;
				CLANG_CXX_LANGUAGE_STANDARD = "gnu++20";
				CLANG_ENABLE_MODULES = YES;
				CLANG_ENABLE_OBJC_ARC = YES;
				CLANG_ENABLE_OBJC_WEAK = YES;
				CLANG_WARN_BLOCK_CAPTURE_AUTORELEASING = YES;
				CLANG_WARN_BOOL_CONVERSION = YES;
				CLANG_WARN_COMMA = YES;
				CLANG_WARN_CONSTANT_CONVERSION = YES;
				CLANG_WARN_DEPRECATED_OBJC_IMPLEMENTATIONS = YES;
				CLANG_WARN_DIRECT_OBJC_ISA_USAGE = YES_ERROR;
				CLANG_WARN_DOCUMENTATION_COMMENTS = YES;
				CLANG_WARN_EMPTY_BODY = YES;
				CLANG_WARN_ENUM_CONVERSION = YES;
				CLANG_WARN_INFINITE_RECURSION = YES;
				CLANG_WARN_INT_CONVERSION = YES;
				CLANG_WARN_NON_LITERAL_NULL_CONVERSION = YES;
				CLANG_WARN_OBJC_IMPLICIT_RETAIN_SELF = YES;
				CLANG_WARN_OBJC_LITERAL_CONVERSION = YES;
				CLANG_WARN_OBJC_ROOT_CLASS = YES_ERROR;
				CLANG_WARN_QUOTED_INCLUDE_IN_FRAMEWORK_HEADER = YES;
				CLANG_WARN_RANGE_LOOP_ANALYSIS = YES;
				CLANG_WARN_STRICT_PROTOTYPES = YES;
				CLANG_WARN_SUSPICIOUS_MOVE = YES;
				CLANG_WARN_UNGUARDED_AVAILABILITY = YES_AGGRESSIVE;
				CLANG_WARN_UNREACHABLE_CODE = YES;
				CLANG_WARN__DUPLICATE_METHOD_MATCH = YES;
				COPY_PHASE_STRIP = NO;
				DEBUG_INFORMATION_FORMAT = dwarf;
				ENABLE_STRICT_OBJC_MSGSEND = YES;
				ENABLE_TESTABILITY = YES;
				ENABLE_USER_SCRIPT_SANDBOXING = YES;
				GCC_C_LANGUAGE_STANDARD = gnu17;
				GCC_DYNAMIC_NO_PIC = NO;
				GCC_NO_COMMON_BLOCKS = YES;
				GCC_OPTIMIZATION_LEVEL = 0;
				GCC_PREPROCESSOR_DEFINITIONS = (
					"DEBUG=1",
					"$(inherited)",
				);
				GCC_WARN_64_TO_32_BIT_CONVERSION = YES;
				GCC_WARN_ABOUT_RETURN_TYPE = YES_ERROR;
				GCC_WARN_UNDECLARED_SELECTOR = YES;
				GCC_WARN_UNINITIALIZED_AUTOS = YES_AGGRESSIVE;
				GCC_WARN_UNUSED_FUNCTION = YES;
				GCC_WARN_UNUSED_VARIABLE = YES;
				IPHONEOS_DEPLOYMENT_TARGET = 17.4;
				LOCALIZATION_PREFERS_STRING_CATALOGS = YES;
				MTL_ENABLE_DEBUG_INFO = INCLUDE_SOURCE;
				MTL_FAST_MATH = YES;
				ONLY_ACTIVE_ARCH = YES;
				SDKROOT = iphoneos;
				SWIFT_ACTIVE_COMPILATION_CONDITIONS = "DEBUG $(inherited)";
				SWIFT_OPTIMIZATION_LEVEL = "-Onone";
			};
			name = Debug;
		};
		562CC9E12CBC3BFB00AD38E0 /* Release */ = {
			isa = XCBuildConfiguration;
			buildSettings = {
				ALWAYS_SEARCH_USER_PATHS = NO;
				ASSETCATALOG_COMPILER_GENERATE_SWIFT_ASSET_SYMBOL_EXTENSIONS = YES;
				CLANG_ANALYZER_NONNULL = YES;
				CLANG_ANALYZER_NUMBER_OBJECT_CONVERSION = YES_AGGRESSIVE;
				CLANG_CXX_LANGUAGE_STANDARD = "gnu++20";
				CLANG_ENABLE_MODULES = YES;
				CLANG_ENABLE_OBJC_ARC = YES;
				CLANG_ENABLE_OBJC_WEAK = YES;
				CLANG_WARN_BLOCK_CAPTURE_AUTORELEASING = YES;
				CLANG_WARN_BOOL_CONVERSION = YES;
				CLANG_WARN_COMMA = YES;
				CLANG_WARN_CONSTANT_CONVERSION = YES;
				CLANG_WARN_DEPRECATED_OBJC_IMPLEMENTATIONS = YES;
				CLANG_WARN_DIRECT_OBJC_ISA_USAGE = YES_ERROR;
				CLANG_WARN_DOCUMENTATION_COMMENTS = YES;
				CLANG_WARN_EMPTY_BODY = YES;
				CLANG_WARN_ENUM_CONVERSION = YES;
				CLANG_WARN_INFINITE_RECURSION = YES;
				CLANG_WARN_INT_CONVERSION = YES;
				CLANG_WARN_NON_LITERAL_NULL_CONVERSION = YES;
				CLANG_WARN_OBJC_IMPLICIT_RETAIN_SELF = YES;
				CLANG_WARN_OBJC_LITERAL_CONVERSION = YES;
				CLANG_WARN_OBJC_ROOT_CLASS = YES_ERROR;
				CLANG_WARN_QUOTED_INCLUDE_IN_FRAMEWORK_HEADER = YES;
				CLANG_WARN_RANGE_LOOP_ANALYSIS = YES;
				CLANG_WARN_STRICT_PROTOTYPES = YES;
				CLANG_WARN_SUSPICIOUS_MOVE = YES;
				CLANG_WARN_UNGUARDED_AVAILABILITY = YES_AGGRESSIVE;
				CLANG_WARN_UNREACHABLE_CODE = YES;
				CLANG_WARN__DUPLICATE_METHOD_MATCH = YES;
				COPY_PHASE_STRIP = NO;
				DEBUG_INFORMATION_FORMAT = "dwarf-with-dsym";
				ENABLE_NS_ASSERTIONS = NO;
				ENABLE_STRICT_OBJC_MSGSEND = YES;
				ENABLE_USER_SCRIPT_SANDBOXING = YES;
				GCC_C_LANGUAGE_STANDARD = gnu17;
				GCC_NO_COMMON_BLOCKS = YES;
				GCC_WARN_64_TO_32_BIT_CONVERSION = YES;
				GCC_WARN_ABOUT_RETURN_TYPE = YES_ERROR;
				GCC_WARN_UNDECLARED_SELECTOR = YES;
				GCC_WARN_UNINITIALIZED_AUTOS = YES_AGGRESSIVE;
				GCC_WARN_UNUSED_FUNCTION = YES;
				GCC_WARN_UNUSED_VARIABLE = YES;
				IPHONEOS_DEPLOYMENT_TARGET = 17.4;
				LOCALIZATION_PREFERS_STRING_CATALOGS = YES;
				MTL_ENABLE_DEBUG_INFO = NO;
				MTL_FAST_MATH = YES;
				SDKROOT = iphoneos;
				SWIFT_COMPILATION_MODE = wholemodule;
				VALIDATE_PRODUCT = YES;
			};
			name = Release;
		};
		562CC9E32CBC3BFB00AD38E0 /* Debug */ = {
			isa = XCBuildConfiguration;
			buildSettings = {
				ASSETCATALOG_COMPILER_APPICON_NAME = AppIcon;
				ASSETCATALOG_COMPILER_GLOBAL_ACCENT_COLOR_NAME = AccentColor;
				CODE_SIGN_STYLE = Automatic;
				CURRENT_PROJECT_VERSION = 1;
				DEVELOPMENT_TEAM = SJ9HXADZ9T;
				GENERATE_INFOPLIST_FILE = YES;
				INFOPLIST_FILE = "Movie App/Info.plist";
				INFOPLIST_KEY_UIApplicationSupportsIndirectInputEvents = YES;
				INFOPLIST_KEY_UILaunchStoryboardName = LaunchScreen;
				INFOPLIST_KEY_UIMainStoryboardFile = Main;
				INFOPLIST_KEY_UISupportedInterfaceOrientations_iPad = "UIInterfaceOrientationPortrait UIInterfaceOrientationPortraitUpsideDown UIInterfaceOrientationLandscapeLeft UIInterfaceOrientationLandscapeRight";
				INFOPLIST_KEY_UISupportedInterfaceOrientations_iPhone = "UIInterfaceOrientationPortrait UIInterfaceOrientationLandscapeLeft UIInterfaceOrientationLandscapeRight";
				LD_RUNPATH_SEARCH_PATHS = (
					"$(inherited)",
					"@executable_path/Frameworks",
				);
				MARKETING_VERSION = 1.0;
				PRODUCT_BUNDLE_IDENTIFIER = "com.MehmetAliOzdemir.Movie-App";
				PRODUCT_NAME = "$(TARGET_NAME)";
				SWIFT_EMIT_LOC_STRINGS = YES;
				SWIFT_VERSION = 5.0;
				TARGETED_DEVICE_FAMILY = "1,2";
			};
			name = Debug;
		};
		562CC9E42CBC3BFB00AD38E0 /* Release */ = {
			isa = XCBuildConfiguration;
			buildSettings = {
				ASSETCATALOG_COMPILER_APPICON_NAME = AppIcon;
				ASSETCATALOG_COMPILER_GLOBAL_ACCENT_COLOR_NAME = AccentColor;
				CODE_SIGN_STYLE = Automatic;
				CURRENT_PROJECT_VERSION = 1;
				DEVELOPMENT_TEAM = SJ9HXADZ9T;
				GENERATE_INFOPLIST_FILE = YES;
				INFOPLIST_FILE = "Movie App/Info.plist";
				INFOPLIST_KEY_UIApplicationSupportsIndirectInputEvents = YES;
				INFOPLIST_KEY_UILaunchStoryboardName = LaunchScreen;
				INFOPLIST_KEY_UIMainStoryboardFile = Main;
				INFOPLIST_KEY_UISupportedInterfaceOrientations_iPad = "UIInterfaceOrientationPortrait UIInterfaceOrientationPortraitUpsideDown UIInterfaceOrientationLandscapeLeft UIInterfaceOrientationLandscapeRight";
				INFOPLIST_KEY_UISupportedInterfaceOrientations_iPhone = "UIInterfaceOrientationPortrait UIInterfaceOrientationLandscapeLeft UIInterfaceOrientationLandscapeRight";
				LD_RUNPATH_SEARCH_PATHS = (
					"$(inherited)",
					"@executable_path/Frameworks",
				);
				MARKETING_VERSION = 1.0;
				PRODUCT_BUNDLE_IDENTIFIER = "com.MehmetAliOzdemir.Movie-App";
				PRODUCT_NAME = "$(TARGET_NAME)";
				SWIFT_EMIT_LOC_STRINGS = YES;
				SWIFT_VERSION = 5.0;
				TARGETED_DEVICE_FAMILY = "1,2";
			};
			name = Release;
		};
		562CC9E62CBC3BFB00AD38E0 /* Debug */ = {
			isa = XCBuildConfiguration;
			buildSettings = {
				ALWAYS_EMBED_SWIFT_STANDARD_LIBRARIES = YES;
				BUNDLE_LOADER = "$(TEST_HOST)";
				CODE_SIGN_STYLE = Automatic;
				CURRENT_PROJECT_VERSION = 1;
				DEVELOPMENT_TEAM = SJ9HXADZ9T;
				GENERATE_INFOPLIST_FILE = YES;
				IPHONEOS_DEPLOYMENT_TARGET = 17.4;
				MARKETING_VERSION = 1.0;
				PRODUCT_BUNDLE_IDENTIFIER = "com.MehmetAliOzdemir.Movie-AppTests";
				PRODUCT_NAME = "$(TARGET_NAME)";
				SWIFT_EMIT_LOC_STRINGS = NO;
				SWIFT_VERSION = 5.0;
				TARGETED_DEVICE_FAMILY = "1,2";
				TEST_HOST = "$(BUILT_PRODUCTS_DIR)/Movie App.app/$(BUNDLE_EXECUTABLE_FOLDER_PATH)/Movie App";
			};
			name = Debug;
		};
		562CC9E72CBC3BFB00AD38E0 /* Release */ = {
			isa = XCBuildConfiguration;
			buildSettings = {
				ALWAYS_EMBED_SWIFT_STANDARD_LIBRARIES = YES;
				BUNDLE_LOADER = "$(TEST_HOST)";
				CODE_SIGN_STYLE = Automatic;
				CURRENT_PROJECT_VERSION = 1;
				DEVELOPMENT_TEAM = SJ9HXADZ9T;
				GENERATE_INFOPLIST_FILE = YES;
				IPHONEOS_DEPLOYMENT_TARGET = 17.4;
				MARKETING_VERSION = 1.0;
				PRODUCT_BUNDLE_IDENTIFIER = "com.MehmetAliOzdemir.Movie-AppTests";
				PRODUCT_NAME = "$(TARGET_NAME)";
				SWIFT_EMIT_LOC_STRINGS = NO;
				SWIFT_VERSION = 5.0;
				TARGETED_DEVICE_FAMILY = "1,2";
				TEST_HOST = "$(BUILT_PRODUCTS_DIR)/Movie App.app/$(BUNDLE_EXECUTABLE_FOLDER_PATH)/Movie App";
			};
			name = Release;
		};
		562CC9E92CBC3BFB00AD38E0 /* Debug */ = {
			isa = XCBuildConfiguration;
			buildSettings = {
				ALWAYS_EMBED_SWIFT_STANDARD_LIBRARIES = YES;
				CODE_SIGN_STYLE = Automatic;
				CURRENT_PROJECT_VERSION = 1;
				DEVELOPMENT_TEAM = SJ9HXADZ9T;
				GENERATE_INFOPLIST_FILE = YES;
				MARKETING_VERSION = 1.0;
				PRODUCT_BUNDLE_IDENTIFIER = "com.MehmetAliOzdemir.Movie-AppUITests";
				PRODUCT_NAME = "$(TARGET_NAME)";
				SWIFT_EMIT_LOC_STRINGS = NO;
				SWIFT_VERSION = 5.0;
				TARGETED_DEVICE_FAMILY = "1,2";
				TEST_TARGET_NAME = "Movie App";
			};
			name = Debug;
		};
		562CC9EA2CBC3BFB00AD38E0 /* Release */ = {
			isa = XCBuildConfiguration;
			buildSettings = {
				ALWAYS_EMBED_SWIFT_STANDARD_LIBRARIES = YES;
				CODE_SIGN_STYLE = Automatic;
				CURRENT_PROJECT_VERSION = 1;
				DEVELOPMENT_TEAM = SJ9HXADZ9T;
				GENERATE_INFOPLIST_FILE = YES;
				MARKETING_VERSION = 1.0;
				PRODUCT_BUNDLE_IDENTIFIER = "com.MehmetAliOzdemir.Movie-AppUITests";
				PRODUCT_NAME = "$(TARGET_NAME)";
				SWIFT_EMIT_LOC_STRINGS = NO;
				SWIFT_VERSION = 5.0;
				TARGETED_DEVICE_FAMILY = "1,2";
				TEST_TARGET_NAME = "Movie App";
			};
			name = Release;
		};
/* End XCBuildConfiguration section */

/* Begin XCConfigurationList section */
		562CC9B32CBC3BF900AD38E0 /* Build configuration list for PBXProject "Movie App" */ = {
			isa = XCConfigurationList;
			buildConfigurations = (
				562CC9E02CBC3BFB00AD38E0 /* Debug */,
				562CC9E12CBC3BFB00AD38E0 /* Release */,
			);
			defaultConfigurationIsVisible = 0;
			defaultConfigurationName = Release;
		};
		562CC9E22CBC3BFB00AD38E0 /* Build configuration list for PBXNativeTarget "Movie App" */ = {
			isa = XCConfigurationList;
			buildConfigurations = (
				562CC9E32CBC3BFB00AD38E0 /* Debug */,
				562CC9E42CBC3BFB00AD38E0 /* Release */,
			);
			defaultConfigurationIsVisible = 0;
			defaultConfigurationName = Release;
		};
		562CC9E52CBC3BFB00AD38E0 /* Build configuration list for PBXNativeTarget "Movie AppTests" */ = {
			isa = XCConfigurationList;
			buildConfigurations = (
				562CC9E62CBC3BFB00AD38E0 /* Debug */,
				562CC9E72CBC3BFB00AD38E0 /* Release */,
			);
			defaultConfigurationIsVisible = 0;
			defaultConfigurationName = Release;
		};
		562CC9E82CBC3BFB00AD38E0 /* Build configuration list for PBXNativeTarget "Movie AppUITests" */ = {
			isa = XCConfigurationList;
			buildConfigurations = (
				562CC9E92CBC3BFB00AD38E0 /* Debug */,
				562CC9EA2CBC3BFB00AD38E0 /* Release */,
			);
			defaultConfigurationIsVisible = 0;
			defaultConfigurationName = Release;
		};
/* End XCConfigurationList section */
	};
	rootObject = 562CC9B02CBC3BF900AD38E0 /* Project object */;
}
